<?xml version="1.0" encoding="UTF-8"?>
<Scheme LastUpgradeVersion = "2600" version = "1.7">
   <BuildAction parallelizeBuildables = "YES" buildImplicitDependencies = "YES">
      <BuildActionEntries>
         <BuildActionEntry buildForTesting = "YES" buildForRunning = "NO" buildForProfiling = "NO" buildForArchiving = "NO" buildForAnalyzing = "NO">
            <BuildableReference
               BuildableIdentifier = "primary"
               BlueprintIdentifier = "FE3AC7B90FA5875F06B9AE23"
               BuildableName = "boringNotchTests.xctest"
               BlueprintName = "boringNotchTests"
               ReferencedContainer = "container:boringNotch.xcodeproj">
            </BuildableReference>
         </BuildActionEntry>
      </BuildActionEntries>
   </BuildAction>
   <TestAction buildConfiguration = "Debug" selectedDebuggerIdentifier = "Xcode.DebuggerFoundation.Debugger.LLDB" selectedLauncherIdentifier = "Xcode.DebuggerFoundation.Launcher.LLDB" shouldUseLaunchSchemeArgsEnv = "YES">
      <Testables>
         <TestableReference skipped = "NO">
            <BuildableReference
               BuildableIdentifier = "primary"
               BlueprintIdentifier = "FE3AC7B90FA5875F06B9AE23"
               BuildableName = "boringNotchTests.xctest"
               BlueprintName = "boringNotchTests"
               ReferencedContainer = "container:boringNotch.xcodeproj">
            </BuildableReference>
         </TestableReference>
      </Testables>
   </TestAction>
   <AnalyzeAction buildConfiguration = "Debug"></AnalyzeAction>
   <ArchiveAction buildConfiguration = "Release" revealArchiveInOrganizer = "YES"></ArchiveAction>
</Scheme>
